PODS:
  - Alamofire (4.9.1)
  - Hero (1.5.0)

DEPENDENCIES:
  - Alamofire
  - Hero

SPEC REPOS:
  https://github.com/cocoapods/specs.git:
    - Alamofire
    - Hero

SPEC CHECKSUMS:
  Alamofire: 85e8a02c69d6020a0d734f6054870d7ecb75cf18
  Hero: b7385b75e7259da62f4f85462f59a5082d66b058

PODFILE CHECKSUM: 4fca5a32299b65223d13500cf62301dbad6fb468

COCOAPODS: 1.7.3
